
Microsoft Visual Studio Solution File, Format Version 12.00
# Visual Studio Version 17
VisualStudioVersion = 17.8.34330.188
MinimumVisualStudioVersion = 10.0.40219.1
Project("{9A19103F-16F7-4668-BE54-9A1E7A4F7556}") = "TestFileManager", "TestFileManager\TestFileManager.csproj", "{10182654-0653-4E8F-AE6D-48AA645F9556}"
EndProject
Project("{FAE04EC0-301F-11D3-BF4B-00C04F79EFBC}") = "TestFileManagerAPI", "TestFileManagerAPI\TestFileManagerAPI.csproj", "{22D17242-5A7A-4973-BA61-02227CBDB8C7}"
EndProject
Global
	GlobalSection(SolutionConfigurationPlatforms) = preSolution
		Debug|Any CPU = Debug|Any CPU
		Release|Any CPU = Release|Any CPU
	EndGlobalSection
	GlobalSection(ProjectConfigurationPlatforms) = postSolution
		{10182654-0653-4E8F-AE6D-48AA645F9556}.Debug|Any CPU.ActiveCfg = Debug|Any CPU
		{10182654-0653-4E8F-AE6D-48AA645F9556}.Debug|Any CPU.Build.0 = Debug|Any CPU
		{10182654-0653-4E8F-AE6D-48AA645F9556}.Release|Any CPU.ActiveCfg = Release|Any CPU
		{10182654-0653-4E8F-AE6D-48AA645F9556}.Release|Any CPU.Build.0 = Release|Any CPU
		{22D17242-5A7A-4973-BA61-02227CBDB8C7}.Debug|Any CPU.ActiveCfg = Debug|Any CPU
		{22D17242-5A7A-4973-BA61-02227CBDB8C7}.Debug|Any CPU.Build.0 = Debug|Any CPU
		{22D17242-5A7A-4973-BA61-02227CBDB8C7}.Release|Any CPU.ActiveCfg = Release|Any CPU
		{22D17242-5A7A-4973-BA61-02227CBDB8C7}.Release|Any CPU.Build.0 = Release|Any CPU
	EndGlobalSection
	GlobalSection(SolutionProperties) = preSolution
		HideSolutionNode = FALSE
	EndGlobalSection
	GlobalSection(ExtensibilityGlobals) = postSolution
		SolutionGuid = {FCA942D6-B1FD-46B4-8DAA-7E5AFBEA02A9}
	EndGlobalSection
EndGlobal
